{
  "name": "polarbear",
  "lockfileVersion": 3,
  "requires": true,
  "packages": {
    "": {
      "name": "polarbear",
      "workspaces": [
        "apps/desktop"
      ]
    },
    "apps/desktop": {
      "name": "polarbear-desktop",
      "version": "0.1.0"
    },
    "node_modules/polarbear-desktop": {
      "resolved": "apps/desktop",
      "link": true
    }
  }
}
